
Microsoft Visual Studio Solution File, Format Version 12.00
# Visual Studio 2012
Project("{FAE04EC0-301F-11D3-BF4B-00C04F79EFBC}") = "BlueIce", "BlueIce\BlueIce.csproj", "{122EAEA6-3B9F-4CB7-96C2-3C723D856E00}"
EndProject
Project("{FAE04EC0-301F-11D3-BF4B-00C04F79EFBC}") = "BlueIce.iOS", "iOS\BlueIce.iOS.csproj", "{40A4BDA4-983A-47CF-A72A-029D7EE02756}"
EndProject
Project("{FAE04EC0-301F-11D3-BF4B-00C04F79EFBC}") = "BlueIce.Droid", "Droid\BlueIce.Droid.csproj", "{584FE030-152C-4A26-9DFF-40E9A7CA6B88}"
EndProject
Global
	GlobalSection(SolutionConfigurationPlatforms) = preSolution
		Debug|Any CPU = Debug|Any CPU
		Release|Any CPU = Release|Any CPU
		Debug|iPhoneSimulator = Debug|iPhoneSimulator
		Release|iPhone = Release|iPhone
		Release|iPhoneSimulator = Release|iPhoneSimulator
		Debug|iPhone = Debug|iPhone
	EndGlobalSection
	GlobalSection(ProjectConfigurationPlatforms) = postSolution
		{122EAEA6-3B9F-4CB7-96C2-3C723D856E00}.Debug|Any CPU.ActiveCfg = Debug|Any CPU
		{122EAEA6-3B9F-4CB7-96C2-3C723D856E00}.Debug|Any CPU.Build.0 = Debug|Any CPU
		{122EAEA6-3B9F-4CB7-96C2-3C723D856E00}.Release|Any CPU.ActiveCfg = Release|Any CPU
		{122EAEA6-3B9F-4CB7-96C2-3C723D856E00}.Release|Any CPU.Build.0 = Release|Any CPU
		{122EAEA6-3B9F-4CB7-96C2-3C723D856E00}.Debug|iPhoneSimulator.ActiveCfg = Debug|Any CPU
		{122EAEA6-3B9F-4CB7-96C2-3C723D856E00}.Debug|iPhoneSimulator.Build.0 = Debug|Any CPU
		{122EAEA6-3B9F-4CB7-96C2-3C723D856E00}.Release|iPhone.ActiveCfg = Release|Any CPU
		{122EAEA6-3B9F-4CB7-96C2-3C723D856E00}.Release|iPhone.Build.0 = Release|Any CPU
		{122EAEA6-3B9F-4CB7-96C2-3C723D856E00}.Release|iPhoneSimulator.ActiveCfg = Release|Any CPU
		{122EAEA6-3B9F-4CB7-96C2-3C723D856E00}.Release|iPhoneSimulator.Build.0 = Release|Any CPU
		{122EAEA6-3B9F-4CB7-96C2-3C723D856E00}.Debug|iPhone.ActiveCfg = Debug|Any CPU
		{122EAEA6-3B9F-4CB7-96C2-3C723D856E00}.Debug|iPhone.Build.0 = Debug|Any CPU
		{40A4BDA4-983A-47CF-A72A-029D7EE02756}.Debug|Any CPU.ActiveCfg = Debug|iPhoneSimulator
		{40A4BDA4-983A-47CF-A72A-029D7EE02756}.Debug|Any CPU.Build.0 = Debug|iPhoneSimulator
		{40A4BDA4-983A-47CF-A72A-029D7EE02756}.Release|Any CPU.ActiveCfg = Release|iPhone
		{40A4BDA4-983A-47CF-A72A-029D7EE02756}.Release|Any CPU.Build.0 = Release|iPhone
		{40A4BDA4-983A-47CF-A72A-029D7EE02756}.Debug|iPhoneSimulator.ActiveCfg = Debug|iPhoneSimulator
		{40A4BDA4-983A-47CF-A72A-029D7EE02756}.Debug|iPhoneSimulator.Build.0 = Debug|iPhoneSimulator
		{40A4BDA4-983A-47CF-A72A-029D7EE02756}.Release|iPhone.ActiveCfg = Release|iPhone
		{40A4BDA4-983A-47CF-A72A-029D7EE02756}.Release|iPhone.Build.0 = Release|iPhone
		{40A4BDA4-983A-47CF-A72A-029D7EE02756}.Release|iPhoneSimulator.ActiveCfg = Release|iPhoneSimulator
		{40A4BDA4-983A-47CF-A72A-029D7EE02756}.Release|iPhoneSimulator.Build.0 = Release|iPhoneSimulator
		{40A4BDA4-983A-47CF-A72A-029D7EE02756}.Debug|iPhone.ActiveCfg = Debug|iPhone
		{40A4BDA4-983A-47CF-A72A-029D7EE02756}.Debug|iPhone.Build.0 = Debug|iPhone
		{584FE030-152C-4A26-9DFF-40E9A7CA6B88}.Debug|Any CPU.ActiveCfg = Debug|Any CPU
		{584FE030-152C-4A26-9DFF-40E9A7CA6B88}.Debug|Any CPU.Build.0 = Debug|Any CPU
		{584FE030-152C-4A26-9DFF-40E9A7CA6B88}.Release|Any CPU.ActiveCfg = Release|Any CPU
		{584FE030-152C-4A26-9DFF-40E9A7CA6B88}.Release|Any CPU.Build.0 = Release|Any CPU
		{584FE030-152C-4A26-9DFF-40E9A7CA6B88}.Debug|iPhoneSimulator.ActiveCfg = Debug|Any CPU
		{584FE030-152C-4A26-9DFF-40E9A7CA6B88}.Debug|iPhoneSimulator.Build.0 = Debug|Any CPU
		{584FE030-152C-4A26-9DFF-40E9A7CA6B88}.Release|iPhone.ActiveCfg = Release|Any CPU
		{584FE030-152C-4A26-9DFF-40E9A7CA6B88}.Release|iPhone.Build.0 = Release|Any CPU
		{584FE030-152C-4A26-9DFF-40E9A7CA6B88}.Release|iPhoneSimulator.ActiveCfg = Release|Any CPU
		{584FE030-152C-4A26-9DFF-40E9A7CA6B88}.Release|iPhoneSimulator.Build.0 = Release|Any CPU
		{584FE030-152C-4A26-9DFF-40E9A7CA6B88}.Debug|iPhone.ActiveCfg = Debug|Any CPU
		{584FE030-152C-4A26-9DFF-40E9A7CA6B88}.Debug|iPhone.Build.0 = Debug|Any CPU
	EndGlobalSection
EndGlobal
